// !$*UTF8*$!
{
	archiveVersion = 1;
	classes = {
	};
	objectVersion = 50;
	objects = {

/* Begin PBXBuildFile section */
		E505A9F723830EE4004A3206 /* AppDelegate.swift in Sources */ = {isa = PBXBuildFile; fileRef = E505A9F623830EE4004A3206 /* AppDelegate.swift */; };
		E505A9F923830EE4004A3206 /* SceneDelegate.swift in Sources */ = {isa = PBXBuildFile; fileRef = E505A9F823830EE4004A3206 /* SceneDelegate.swift */; };
		E505A9FB23830EE4004A3206 /* ViewController.swift in Sources */ = {isa = PBXBuildFile; fileRef = E505A9FA23830EE4004A3206 /* ViewController.swift */; };
		E505AA0023830EE5004A3206 /* Assets.xcassets in Resources */ = {isa = PBXBuildFile; fileRef = E505A9FF23830EE5004A3206 /* Assets.xcassets */; };
		E505AA0323830EE5004A3206 /* LaunchScreen.storyboard in Resources */ = {isa = PBXBuildFile; fileRef = E505AA0123830EE5004A3206 /* LaunchScreen.storyboard */; };
		E5789337238D41E800165B2E /* ExampleListViewController.swift in Sources */ = {isa = PBXBuildFile; fileRef = E5789336238D41E800165B2E /* ExampleListViewController.swift */; };
		E5789339238D465500165B2E /* ShapeLayerViewController.swift in Sources */ = {isa = PBXBuildFile; fileRef = E5789338238D465500165B2E /* ShapeLayerViewController.swift */; };
		E578933B238D46B500165B2E /* TransformLayerViewController.swift in Sources */ = {isa = PBXBuildFile; fileRef = E578933A238D46B500165B2E /* TransformLayerViewController.swift */; };
		E578933D238D477000165B2E /* GradientLayerViewController.swift in Sources */ = {isa = PBXBuildFile; fileRef = E578933C238D477000165B2E /* GradientLayerViewController.swift */; };
/* End PBXBuildFile section */

/* Begin PBXFileReference section */
		E505A9F323830EE4004A3206 /* CoreAnimationSharingSession.app */ = {isa = PBXFileReference; explicitFileType = wrapper.application; includeInIndex = 0; path = CoreAnimationSharingSession.app; sourceTree = BUILT_PRODUCTS_DIR; };
		E505A9F623830EE4004A3206 /* AppDelegate.swift */ = {isa = PBXFileReference; lastKnownFileType = sourcecode.swift; path = AppDelegate.swift; sourceTree = "<group>"; };
		E505A9F823830EE4004A3206 /* SceneDelegate.swift */ = {isa = PBXFileReference; lastKnownFileType = sourcecode.swift; path = SceneDelegate.swift; sourceTree = "<group>"; };
		E505A9FA23830EE4004A3206 /* ViewController.swift */ = {isa = PBXFileReference; lastKnownFileType = sourcecode.swift; path = ViewController.swift; sourceTree = "<group>"; };
		E505A9FF23830EE5004A3206 /* Assets.xcassets */ = {isa = PBXFileReference; lastKnownFileType = folder.assetcatalog; path = Assets.xcassets; sourceTree = "<group>"; };
		E505AA0223830EE5004A3206 /* Base */ = {isa = PBXFileReference; lastKnownFileType = file.storyboard; name = Base; path = Base.lproj/LaunchScreen.storyboard; sourceTree = "<group>"; };
		E505AA0423830EE5004A3206 /* Info.plist */ = {isa = PBXFileReference; lastKnownFileType = text.plist.xml; path = Info.plist; sourceTree = "<group>"; };
		E5789336238D41E800165B2E /* ExampleListViewController.swift */ = {isa = PBXFileReference; lastKnownFileType = sourcecode.swift; path = ExampleListViewController.swift; sourceTree = "<group>"; };
		E5789338238D465500165B2E /* ShapeLayerViewController.swift */ = {isa = PBXFileReference; lastKnownFileType = sourcecode.swift; path = ShapeLayerViewController.swift; sourceTree = "<group>"; };
		E578933A238D46B500165B2E /* TransformLayerViewController.swift */ = {isa = PBXFileReference; lastKnownFileType = sourcecode.swift; path = TransformLayerViewController.swift; sourceTree = "<group>"; };
		E578933C238D477000165B2E /* GradientLayerViewController.swift */ = {isa = PBXFileReference; lastKnownFileType = sourcecode.swift; path = GradientLayerViewController.swift; sourceTree = "<group>"; };
/* End PBXFileReference section */

/* Begin PBXFrameworksBuildPhase section */
		E505A9F023830EE4004A3206 /* Frameworks */ = {
			isa = PBXFrameworksBuildPhase;
			buildActionMask = 2147483647;
			files = (
			);
			runOnlyForDeploymentPostprocessing = 0;
		};
/* End PBXFrameworksBuildPhase section */

/* Begin PBXGroup section */
		E505A9EA23830EE4004A3206 = {
			isa = PBXGroup;
			children = (
				E505A9F523830EE4004A3206 /* CoreAnimationSharingSession */,
				E505A9F423830EE4004A3206 /* Products */,
			);
			sourceTree = "<group>";
		};
		E505A9F423830EE4004A3206 /* Products */ = {
			isa = PBXGroup;
			children = (
				E505A9F323830EE4004A3206 /* CoreAnimationSharingSession.app */,
			);
			name = Products;
			sourceTree = "<group>";
		};
		E505A9F523830EE4004A3206 /* CoreAnimationSharingSession */ = {
			isa = PBXGroup;
			children = (
				E505A9F623830EE4004A3206 /* AppDelegate.swift */,
				E505A9F823830EE4004A3206 /* SceneDelegate.swift */,
				E505A9FA23830EE4004A3206 /* ViewController.swift */,
				E5789338238D465500165B2E /* ShapeLayerViewController.swift */,
				E578933A238D46B500165B2E /* TransformLayerViewController.swift */,
				E578933C238D477000165B2E /* GradientLayerViewController.swift */,
				E5789336238D41E800165B2E /* ExampleListViewController.swift */,
				E505A9FF23830EE5004A3206 /* Assets.xcassets */,
				E505AA0123830EE5004A3206 /* LaunchScreen.storyboard */,
				E505AA0423830EE5004A3206 /* Info.plist */,
			);
			path = CoreAnimationSharingSession;
			sourceTree = "<group>";
		};
/* End PBXGroup section */

/* Begin PBXNativeTarget section */
		E505A9F223830EE4004A3206 /* CoreAnimationSharingSession */ = {
			isa = PBXNativeTarget;
			buildConfigurationList = E505AA0723830EE5004A3206 /* Build configuration list for PBXNativeTarget "CoreAnimationSharingSession" */;
			buildPhases = (
				E505A9EF23830EE4004A3206 /* Sources */,
				E505A9F023830EE4004A3206 /* Frameworks */,
				E505A9F123830EE4004A3206 /* Resources */,
			);
			buildRules = (
			);
			dependencies = (
			);
			name = CoreAnimationSharingSession;
			productName = CoreAnimationSharingSession;
			productReference = E505A9F323830EE4004A3206 /* CoreAnimationSharingSession.app */;
			productType = "com.apple.product-type.application";
		};
/* End PBXNativeTarget section */

/* Begin PBXProject section */
		E505A9EB23830EE4004A3206 /* Project object */ = {
			isa = PBXProject;
			attributes = {
				LastSwiftUpdateCheck = 1100;
				LastUpgradeCheck = 1100;
				ORGANIZATIONNAME = "Ambar Septian";
				TargetAttributes = {
					E505A9F223830EE4004A3206 = {
						CreatedOnToolsVersion = 11.0;
					};
				};
			};
			buildConfigurationList = E505A9EE23830EE4004A3206 /* Build configuration list for PBXProject "CoreAnimationSharingSession" */;
			compatibilityVersion = "Xcode 9.3";
			developmentRegion = en;
			hasScannedForEncodings = 0;
			knownRegions = (
				en,
				Base,
			);
			mainGroup = E505A9EA23830EE4004A3206;
			productRefGroup = E505A9F423830EE4004A3206 /* Products */;
			projectDirPath = "";
			projectRoot = "";
			targets = (
				E505A9F223830EE4004A3206 /* CoreAnimationSharingSession */,
			);
		};
/* End PBXProject section */

/* Begin PBXResourcesBuildPhase section */
		E505A9F123830EE4004A3206 /* Resources */ = {
			isa = PBXResourcesBuildPhase;
			buildActionMask = 2147483647;
			files = (
				E505AA0323830EE5004A3206 /* LaunchScreen.storyboard in Resources */,
				E505AA0023830EE5004A3206 /* Assets.xcassets in Resources */,
			);
			runOnlyForDeploymentPostprocessing = 0;
		};
/* End PBXResourcesBuildPhase section */

/* Begin PBXSourcesBuildPhase section */
		E505A9EF23830EE4004A3206 /* Sources */ = {
			isa = PBXSourcesBuildPhase;
			buildActionMask = 2147483647;
			files = (
				E5789339238D465500165B2E /* ShapeLayerViewController.swift in Sources */,
				E505A9FB23830EE4004A3206 /* ViewController.swift in Sources */,
				E578933D238D477000165B2E /* GradientLayerViewController.swift in Sources */,
				E5789337238D41E800165B2E /* ExampleListViewController.swift in Sources */,
				E505A9F723830EE4004A3206 /* AppDelegate.swift in Sources */,
				E505A9F923830EE4004A3206 /* SceneDelegate.swift in Sources */,
				E578933B238D46B500165B2E /* TransformLayerViewController.swift in Sources */,
			);
			runOnlyForDeploymentPostprocessing = 0;
		};
/* End PBXSourcesBuildPhase section */

/* Begin PBXVariantGroup section */
		E505AA0123830EE5004A3206 /* LaunchScreen.storyboard */ = {
			isa = PBXVariantGroup;
			children = (
				E505AA0223830EE5004A3206 /* Base */,
			);
			name = LaunchScreen.storyboard;
			sourceTree = "<group>";
		};
/* End PBXVariantGroup section */

/* Begin XCBuildConfiguration section */
		E505AA0523830EE5004A3206 /* Debug */ = {
			isa = XCBuildConfiguration;
			buildSettings = {
				ALWAYS_SEARCH_USER_PATHS = NO;
				CLANG_ANALYZER_NONNULL = YES;
				CLANG_ANALYZER_NUMBER_OBJECT_CONVERSION = YES_AGGRESSIVE;
				CLANG_CXX_LANGUAGE_STANDARD = "gnu++14";
				CLANG_CXX_LIBRARY = "libc++";
				CLANG_ENABLE_MODULES = YES;
				CLANG_ENABLE_OBJC_ARC = YES;
				CLANG_ENABLE_OBJC_WEAK = YES;
				CLANG_WARN_BLOCK_CAPTURE_AUTORELEASING = YES;
				CLANG_WARN_BOOL_CONVERSION = YES;
				CLANG_WARN_COMMA = YES;
				CLANG_WARN_CONSTANT_CONVERSION = YES;
				CLANG_WARN_DEPRECATED_OBJC_IMPLEMENTATIONS = YES;
				CLANG_WARN_DIRECT_OBJC_ISA_USAGE = YES_ERROR;
				CLANG_WARN_DOCUMENTATION_COMMENTS = YES;
				CLANG_WARN_EMPTY_BODY = YES;
				CLANG_WARN_ENUM_CONVERSION = YES;
				CLANG_WARN_INFINITE_RECURSION = YES;
				CLANG_WARN_INT_CONVERSION = YES;
				CLANG_WARN_NON_LITERAL_NULL_CONVERSION = YES;
				CLANG_WARN_OBJC_IMPLICIT_RETAIN_SELF = YES;
				CLANG_WARN_OBJC_LITERAL_CONVERSION = YES;
				CLANG_WARN_OBJC_ROOT_CLASS = YES_ERROR;
				CLANG_WARN_RANGE_LOOP_ANALYSIS = YES;
				CLANG_WARN_STRICT_PROTOTYPES = YES;
				CLANG_WARN_SUSPICIOUS_MOVE = YES;
				CLANG_WARN_UNGUARDED_AVAILABILITY = YES_AGGRESSIVE;
				CLANG_WARN_UNREACHABLE_CODE = YES;
				CLANG_WARN__DUPLICATE_METHOD_MATCH = YES;
				COPY_PHASE_STRIP = NO;
				DEBUG_INFORMATION_FORMAT = dwarf;
				ENABLE_STRICT_OBJC_MSGSEND = YES;
				ENABLE_TESTABILITY = YES;
				GCC_C_LANGUAGE_STANDARD = gnu11;
				GCC_DYNAMIC_NO_PIC = NO;
				GCC_NO_COMMON_BLOCKS = YES;
				GCC_OPTIMIZATION_LEVEL = 0;
				GCC_PREPROCESSOR_DEFINITIONS = (
					"DEBUG=1",
					"$(inherited)",
				);
				GCC_WARN_64_TO_32_BIT_CONVERSION = YES;
				GCC_WARN_ABOUT_RETURN_TYPE = YES_ERROR;
				GCC_WARN_UNDECLARED_SELECTOR = YES;
				GCC_WARN_UNINITIALIZED_AUTOS = YES_AGGRESSIVE;
				GCC_WARN_UNUSED_FUNCTION = YES;
				GCC_WARN_UNUSED_VARIABLE = YES;
				IPHONEOS_DEPLOYMENT_TARGET = 13.0;
				MTL_ENABLE_DEBUG_INFO = INCLUDE_SOURCE;
				MTL_FAST_MATH = YES;
				ONLY_ACTIVE_ARCH = YES;
				SDKROOT = iphoneos;
				SWIFT_ACTIVE_COMPILATION_CONDITIONS = DEBUG;
				SWIFT_OPTIMIZATION_LEVEL = "-Onone";
			};
			name = Debug;
		};
		E505AA0623830EE5004A3206 /* Release */ = {
			isa = XCBuildConfiguration;
			buildSettings = {
				ALWAYS_SEARCH_USER_PATHS = NO;
				CLANG_ANALYZER_NONNULL = YES;
				CLANG_ANALYZER_NUMBER_OBJECT_CONVERSION = YES_AGGRESSIVE;
				CLANG_CXX_LANGUAGE_STANDARD = "gnu++14";
				CLANG_CXX_LIBRARY = "libc++";
				CLANG_ENABLE_MODULES = YES;
				CLANG_ENABLE_OBJC_ARC = YES;
				CLANG_ENABLE_OBJC_WEAK = YES;
				CLANG_WARN_BLOCK_CAPTURE_AUTORELEASING = YES;
				CLANG_WARN_BOOL_CONVERSION = YES;
				CLANG_WARN_COMMA = YES;
				CLANG_WARN_CONSTANT_CONVERSION = YES;
				CLANG_WARN_DEPRECATED_OBJC_IMPLEMENTATIONS = YES;
				CLANG_WARN_DIRECT_OBJC_ISA_USAGE = YES_ERROR;
				CLANG_WARN_DOCUMENTATION_COMMENTS = YES;
				CLANG_WARN_EMPTY_BODY = YES;
				CLANG_WARN_ENUM_CONVERSION = YES;
				CLANG_WARN_INFINITE_RECURSION = YES;
				CLANG_WARN_INT_CONVERSION = YES;
				CLANG_WARN_NON_LITERAL_NULL_CONVERSION = YES;
				CLANG_WARN_OBJC_IMPLICIT_RETAIN_SELF = YES;
				CLANG_WARN_OBJC_LITERAL_CONVERSION = YES;
				CLANG_WARN_OBJC_ROOT_CLASS = YES_ERROR;
				CLANG_WARN_RANGE_LOOP_ANALYSIS = YES;
				CLANG_WARN_STRICT_PROTOTYPES = YES;
				CLANG_WARN_SUSPICIOUS_MOVE = YES;
				CLANG_WARN_UNGUARDED_AVAILABILITY = YES_AGGRESSIVE;
				CLANG_WARN_UNREACHABLE_CODE = YES;
				CLANG_WARN__DUPLICATE_METHOD_MATCH = YES;
				COPY_PHASE_STRIP = NO;
				DEBUG_INFORMATION_FORMAT = "dwarf-with-dsym";
				ENABLE_NS_ASSERTIONS = NO;
				ENABLE_STRICT_OBJC_MSGSEND = YES;
				GCC_C_LANGUAGE_STANDARD = gnu11;
				GCC_NO_COMMON_BLOCKS = YES;
				GCC_WARN_64_TO_32_BIT_CONVERSION = YES;
				GCC_WARN_ABOUT_RETURN_TYPE = YES_ERROR;
				GCC_WARN_UNDECLARED_SELECTOR = YES;
				GCC_WARN_UNINITIALIZED_AUTOS = YES_AGGRESSIVE;
				GCC_WARN_UNUSED_FUNCTION = YES;
				GCC_WARN_UNUSED_VARIABLE = YES;
				IPHONEOS_DEPLOYMENT_TARGET = 13.0;
				MTL_ENABLE_DEBUG_INFO = NO;
				MTL_FAST_MATH = YES;
				SDKROOT = iphoneos;
				SWIFT_COMPILATION_MODE = wholemodule;
				SWIFT_OPTIMIZATION_LEVEL = "-O";
				VALIDATE_PRODUCT = YES;
			};
			name = Release;
		};
		E505AA0823830EE5004A3206 /* Debug */ = {
			isa = XCBuildConfiguration;
			buildSettings = {
				ASSETCATALOG_COMPILER_APPICON_NAME = AppIcon;
				CODE_SIGN_STYLE = Automatic;
				DEVELOPMENT_TEAM = 79D36Y5DN3;
				INFOPLIST_FILE = CoreAnimationSharingSession/Info.plist;
				LD_RUNPATH_SEARCH_PATHS = (
					"$(inherited)",
					"@executable_path/Frameworks",
				);
				PRODUCT_BUNDLE_IDENTIFIER = com.tokopedia.CoreAnimationSharingSession;
				PRODUCT_NAME = "$(TARGET_NAME)";
				SWIFT_VERSION = 5.0;
				TARGETED_DEVICE_FAMILY = "1,2";
			};
			name = Debug;
		};
		E505AA0923830EE5004A3206 /* Release */ = {
			isa = XCBuildConfiguration;
			buildSettings = {
				ASSETCATALOG_COMPILER_APPICON_NAME = AppIcon;
				CODE_SIGN_STYLE = Automatic;
				DEVELOPMENT_TEAM = 79D36Y5DN3;
				INFOPLIST_FILE = CoreAnimationSharingSession/Info.plist;
				LD_RUNPATH_SEARCH_PATHS = (
					"$(inherited)",
					"@executable_path/Frameworks",
				);
				PRODUCT_BUNDLE_IDENTIFIER = com.tokopedia.CoreAnimationSharingSession;
				PRODUCT_NAME = "$(TARGET_NAME)";
				SWIFT_VERSION = 5.0;
				TARGETED_DEVICE_FAMILY = "1,2";
			};
			name = Release;
		};
/* End XCBuildConfiguration section */

/* Begin XCConfigurationList section */
		E505A9EE23830EE4004A3206 /* Build configuration list for PBXProject "CoreAnimationSharingSession" */ = {
			isa = XCConfigurationList;
			buildConfigurations = (
				E505AA0523830EE5004A3206 /* Debug */,
				E505AA0623830EE5004A3206 /* Release */,
			);
			defaultConfigurationIsVisible = 0;
			defaultConfigurationName = Release;
		};
		E505AA0723830EE5004A3206 /* Build configuration list for PBXNativeTarget "CoreAnimationSharingSession" */ = {
			isa = XCConfigurationList;
			buildConfigurations = (
				E505AA0823830EE5004A3206 /* Debug */,
				E505AA0923830EE5004A3206 /* Release */,
			);
			defaultConfigurationIsVisible = 0;
			defaultConfigurationName = Release;
		};
/* End XCConfigurationList section */
	};
	rootObject = E505A9EB23830EE4004A3206 /* Project object */;
}
